<?xml version="1.0" encoding="utf-8"?>
<Project ToolsVersion="4.0" xmlns="http://schemas.microsoft.com/developer/msbuild/2003">
  <ItemGroup>
    <Filter Include="源文件">
      <UniqueIdentifier>{4FC737F1-C7A5-4376-A066-2A32D752A2FF}</UniqueIdentifier>
      <Extensions>cpp;c;cc;cxx;def;odl;idl;hpj;bat;asm;asmx</Extensions>
    </Filter>
    <Filter Include="头文件">
      <UniqueIdentifier>{93995380-89BD-4b04-88EB-625FBE52EBFB}</UniqueIdentifier>
      <Extensions>h;hh;hpp;hxx;hm;inl;inc;ipp;xsd</Extensions>
    </Filter>
    <Filter Include="资源文件">
      <UniqueIdentifier>{67DA6AB6-F800-4c08-8B7A-83BB121AAD01}</UniqueIdentifier>
      <Extensions>rc;ico;cur;bmp;dlg;rc2;rct;bin;rgs;gif;jpg;jpeg;jpe;resx;tiff;tif;png;wav;mfcribbon-ms</Extensions>
    </Filter>
  </ItemGroup>
  <ItemGroup>
    <ClCompile Include="P1.cpp">
      <Filter>源文件</Filter>
    </ClCompile>
    <ClCompile Include="P2.cpp">
      <Filter>源文件</Filter>
    </ClCompile>
    <ClCompile Include="P3.cpp">
      <Filter>源文件</Filter>
    </ClCompile>
    <ClCompile Include="P4.cpp">
      <Filter>源文件</Filter>
    </ClCompile>
    <ClCompile Include="P5.cpp">
      <Filter>源文件</Filter>
    </ClCompile>
    <ClCompile Include="P6.cpp">
      <Filter>源文件</Filter>
    </ClCompile>
    <ClCompile Include="P7.cpp">
      <Filter>源文件</Filter>
    </ClCompile>
    <ClCompile Include="P8.cpp">
      <Filter>源文件</Filter>
    </ClCompile>
    <ClCompile Include="P9.cpp">
      <Filter>源文件</Filter>
    </ClCompile>
    <ClCompile Include="P10.cpp">
      <Filter>源文件</Filter>
    </ClCompile>
    <ClCompile Include="P11.cpp">
      <Filter>源文件</Filter>
    </ClCompile>
    <ClCompile Include="P12_2.cpp">
      <Filter>源文件</Filter>
    </ClCompile>
    <ClCompile Include="P14.cpp">
      <Filter>源文件</Filter>
    </ClCompile>
    <ClCompile Include="P15.cpp">
      <Filter>源文件</Filter>
    </ClCompile>
    <ClCompile Include="P15_2.cpp">
      <Filter>源文件</Filter>
    </ClCompile>
    <ClCompile Include="P12.cpp">
      <Filter>源文件</Filter>
    </ClCompile>
    <ClCompile Include="P16.cpp">
      <Filter>源文件</Filter>
    </ClCompile>
    <ClCompile Include="P17.cpp">
      <Filter>源文件</Filter>
    </ClCompile>
    <ClCompile Include="P18.cpp">
      <Filter>源文件</Filter>
    </ClCompile>
    <ClCompile Include="P19.cpp">
      <Filter>源文件</Filter>
    </ClCompile>
    <ClCompile Include="P20.cpp">
      <Filter>源文件</Filter>
    </ClCompile>
    <ClCompile Include="P21.cpp">
      <Filter>源文件</Filter>
    </ClCompile>
    <ClCompile Include="P22.cpp">
      <Filter>源文件</Filter>
    </ClCompile>
    <ClCompile Include="P23.cpp">
      <Filter>源文件</Filter>
    </ClCompile>
    <ClCompile Include="P24.cpp">
      <Filter>源文件</Filter>
    </ClCompile>
    <ClCompile Include="P25.cpp">
      <Filter>源文件</Filter>
    </ClCompile>
    <ClCompile Include="P25_2.cpp">
      <Filter>源文件</Filter>
    </ClCompile>
    <ClCompile Include="P26.cpp">
      <Filter>源文件</Filter>
    </ClCompile>
    <ClCompile Include="main.cpp">
      <Filter>源文件</Filter>
    </ClCompile>
    <ClCompile Include="P27.cpp">
      <Filter>源文件</Filter>
    </ClCompile>
    <ClCompile Include="P28.cpp">
      <Filter>源文件</Filter>
    </ClCompile>
    <ClCompile Include="P29.cpp">
      <Filter>源文件</Filter>
    </ClCompile>
    <ClCompile Include="P30.cpp">
      <Filter>源文件</Filter>
    </ClCompile>
    <ClCompile Include="P31.cpp">
      <Filter>源文件</Filter>
    </ClCompile>
    <ClCompile Include="P32.cpp">
      <Filter>源文件</Filter>
    </ClCompile>
    <ClCompile Include="P33.cpp">
      <Filter>源文件</Filter>
    </ClCompile>
    <ClCompile Include="P35.cpp">
      <Filter>源文件</Filter>
    </ClCompile>
    <ClCompile Include="P36.cpp">
      <Filter>源文件</Filter>
    </ClCompile>
    <ClCompile Include="P37.cpp">
      <Filter>源文件</Filter>
    </ClCompile>
    <ClCompile Include="P38.cpp">
      <Filter>源文件</Filter>
    </ClCompile>
    <ClCompile Include="P39.cpp">
      <Filter>源文件</Filter>
    </ClCompile>
    <ClCompile Include="P40.cpp">
      <Filter>源文件</Filter>
    </ClCompile>
    <ClCompile Include="P40_2.cpp">
      <Filter>源文件</Filter>
    </ClCompile>
    <ClCompile Include="P41.cpp">
      <Filter>源文件</Filter>
    </ClCompile>
    <ClCompile Include="P42.cpp">
      <Filter>源文件</Filter>
    </ClCompile>
    <ClCompile Include="P43.cpp">
      <Filter>源文件</Filter>
    </ClCompile>
    <ClCompile Include="P44.cpp">
      <Filter>源文件</Filter>
    </ClCompile>
    <ClCompile Include="P45.cpp">
      <Filter>源文件</Filter>
    </ClCompile>
    <ClCompile Include="P45_2.cpp">
      <Filter>源文件</Filter>
    </ClCompile>
    <ClCompile Include="P46.cpp">
      <Filter>源文件</Filter>
    </ClCompile>
    <ClCompile Include="P47.cpp">
      <Filter>源文件</Filter>
    </ClCompile>
    <ClCompile Include="P48.cpp">
      <Filter>源文件</Filter>
    </ClCompile>
    <ClCompile Include="P48_2.cpp">
      <Filter>源文件</Filter>
    </ClCompile>
    <ClCompile Include="P49.cpp">
      <Filter>源文件</Filter>
    </ClCompile>
    <ClCompile Include="P50.cpp">
      <Filter>源文件</Filter>
    </ClCompile>
    <ClCompile Include="P51.cpp">
      <Filter>源文件</Filter>
    </ClCompile>
    <ClCompile Include="P52.cpp">
      <Filter>源文件</Filter>
    </ClCompile>
    <ClCompile Include="P53.cpp">
      <Filter>源文件</Filter>
    </ClCompile>
    <ClCompile Include="P54.cpp">
      <Filter>源文件</Filter>
    </ClCompile>
    <ClCompile Include="P55.cpp">
      <Filter>源文件</Filter>
    </ClCompile>
    <ClCompile Include="P56.cpp">
      <Filter>源文件</Filter>
    </ClCompile>
    <ClCompile Include="P57.cpp">
      <Filter>源文件</Filter>
    </ClCompile>
    <ClCompile Include="P58.cpp">
      <Filter>源文件</Filter>
    </ClCompile>
    <ClCompile Include="P59.cpp">
      <Filter>源文件</Filter>
    </ClCompile>
    <ClCompile Include="P59_2.cpp">
      <Filter>源文件</Filter>
    </ClCompile>
    <ClCompile Include="P60.cpp">
      <Filter>源文件</Filter>
    </ClCompile>
    <ClCompile Include="P61.cpp">
      <Filter>源文件</Filter>
    </ClCompile>
    <ClCompile Include="P62.cpp">
      <Filter>源文件</Filter>
    </ClCompile>
    <ClCompile Include="P62_2.cpp">
      <Filter>源文件</Filter>
    </ClCompile>
    <ClCompile Include="P63.cpp">
      <Filter>源文件</Filter>
    </ClCompile>
    <ClCompile Include="P64.cpp">
      <Filter>源文件</Filter>
    </ClCompile>
    <ClCompile Include="P65.cpp">
      <Filter>源文件</Filter>
    </ClCompile>
    <ClCompile Include="P22_2.cpp">
      <Filter>源文件</Filter>
    </ClCompile>
    <ClCompile Include="P34.cpp">
      <Filter>源文件</Filter>
    </ClCompile>
    <ClCompile Include="P13.cpp">
      <Filter>源文件</Filter>
    </ClCompile>
    <ClCompile Include="P66.cpp">
      <Filter>源文件</Filter>
    </ClCompile>
    <ClCompile Include="P67.cpp">
      <Filter>源文件</Filter>
    </ClCompile>
    <ClCompile Include="P68.cpp">
      <Filter>源文件</Filter>
    </ClCompile>
    <ClCompile Include="P68_2.cpp">
      <Filter>源文件</Filter>
    </ClCompile>
    <ClCompile Include="P69.cpp">
      <Filter>源文件</Filter>
    </ClCompile>
    <ClCompile Include="P70.cpp">
      <Filter>源文件</Filter>
    </ClCompile>
    <ClCompile Include="P71.cpp">
      <Filter>源文件</Filter>
    </ClCompile>
    <ClCompile Include="P72.cpp">
      <Filter>源文件</Filter>
    </ClCompile>
    <ClCompile Include="P73.cpp">
      <Filter>源文件</Filter>
    </ClCompile>
    <ClCompile Include="P74.cpp">
      <Filter>源文件</Filter>
    </ClCompile>
    <ClCompile Include="P74_2.cpp">
      <Filter>源文件</Filter>
    </ClCompile>
    <ClCompile Include="P75.cpp">
      <Filter>源文件</Filter>
    </ClCompile>
    <ClCompile Include="P75_2.cpp">
      <Filter>源文件</Filter>
    </ClCompile>
    <ClCompile Include="P25_3.cpp">
      <Filter>源文件</Filter>
    </ClCompile>
    <ClCompile Include="P76.cpp">
      <Filter>源文件</Filter>
    </ClCompile>
    <ClCompile Include="P77.cpp">
      <Filter>源文件</Filter>
    </ClCompile>
    <ClCompile Include="P78.cpp">
      <Filter>源文件</Filter>
    </ClCompile>
    <ClCompile Include="P79.cpp">
      <Filter>源文件</Filter>
    </ClCompile>
    <ClCompile Include="P80.cpp">
      <Filter>源文件</Filter>
    </ClCompile>
    <ClCompile Include="P81.cpp">
      <Filter>源文件</Filter>
    </ClCompile>
    <ClCompile Include="P82.cpp">
      <Filter>源文件</Filter>
    </ClCompile>
    <ClCompile Include="P83.cpp">
      <Filter>源文件</Filter>
    </ClCompile>
    <ClCompile Include="P84.cpp">
      <Filter>源文件</Filter>
    </ClCompile>
    <ClCompile Include="P85.cpp">
      <Filter>源文件</Filter>
    </ClCompile>
    <ClCompile Include="P86.cpp">
      <Filter>源文件</Filter>
    </ClCompile>
    <ClCompile Include="P87.cpp">
      <Filter>源文件</Filter>
    </ClCompile>
    <ClCompile Include="P88.cpp">
      <Filter>源文件</Filter>
    </ClCompile>
    <ClCompile Include="P89.cpp">
      <Filter>源文件</Filter>
    </ClCompile>
    <ClCompile Include="P90.cpp">
      <Filter>源文件</Filter>
    </ClCompile>
    <ClCompile Include="P91.cpp">
      <Filter>源文件</Filter>
    </ClCompile>
    <ClCompile Include="P92.cpp">
      <Filter>源文件</Filter>
    </ClCompile>
    <ClCompile Include="P93.cpp">
      <Filter>源文件</Filter>
    </ClCompile>
    <ClCompile Include="P94.cpp">
      <Filter>源文件</Filter>
    </ClCompile>
    <ClCompile Include="P95.cpp">
      <Filter>源文件</Filter>
    </ClCompile>
  </ItemGroup>
</Project>